PODS:
  - MJRefresh (3.1.12)
  - UFWebViewBridge (0.0.9)

DEPENDENCIES:
  - MJRefresh (~> 3.1.12)
  - UFWebViewBridge (from `../../`)

EXTERNAL SOURCES:
  UFWebViewBridge:
    :path: ../../

SPEC CHECKSUMS:
  MJRefresh: b96cdb21c4aa75a7b07654311ab2f315c497e806
  UFWebViewBridge: 09c939f4348b487df0aee5f00a6217b3546905a4

PODFILE CHECKSUM: 37b089990046058f5788971c3c4042167ceede67

COCOAPODS: 1.0.1
